PODS:
  - FlutterMacOS (1.0.0)
  - kzcity_picker (0.0.1):
    - FlutterMacOS

DEPENDENCIES:
  - FlutterMacOS (from `Flutter/ephemeral/.symlinks/flutter/darwin-x64`)
  - kzcity_picker (from `Flutter/ephemeral/.symlinks/plugins/kzcity_picker/macos`)

EXTERNAL SOURCES:
  FlutterMacOS:
    :path: Flutter/ephemeral/.symlinks/flutter/darwin-x64
  kzcity_picker:
    :path: Flutter/ephemeral/.symlinks/plugins/kzcity_picker/macos

SPEC CHECKSUMS:
  FlutterMacOS: 15bea8a44d2fa024068daa0140371c020b4b6ff9
  kzcity_picker: 15c2b2343aed084a39cc1ec5e255df607b6ecbd9

PODFILE CHECKSUM: d8ba9b3e9e93c62c74a660b46c6fcb09f03991a7

COCOAPODS: 1.9.1
